# THIS IS AN AUTOGENERATED FILE. DO NOT EDIT THIS FILE DIRECTLY.
# yarn lockfile v1


"@babel/runtime@^7.19.4", "@babel/runtime@^7.22.5":
  version "7.22.11"
  resolved "https://registry.yarnpkg.com/@babel/runtime/-/runtime-7.22.11.tgz#7a9ba3bbe406ad6f9e8dd4da2ece453eb23a77a4"
  integrity sha512-ee7jVNlWN09+KftVOu9n7S8gQzD/Z6hN/I8VBRXW4P1+Xe7kJGXMwu8vds4aGIMHZnNbdpSWCfZZtinytpcAvA==
  dependencies:
    regenerator-runtime "^0.14.0"

"@remix-run/css-bundle@^1.18.1":
  version "1.19.3"
  resolved "https://registry.yarnpkg.com/@remix-run/css-bundle/-/css-bundle-1.19.3.tgz#3da391ccfd387be986ba36bebe6958dbeff11f10"
  integrity sha512-XccfuPmTdtXT+Kx7Df62cyk8d2I6DrHIB02uDyIGOTq8lPlMXznErMW14asVcbGOV5ieAOvnch/pUJrsKoWRmw==

"@remix-run/express@1.19.3":
  version "1.19.3"
  resolved "https://registry.yarnpkg.com/@remix-run/express/-/express-1.19.3.tgz#39a26050522683e91ca5fffda6ecf11868bb8de7"
  integrity sha512-jeWZ9xFyaarKSbpN/sQWx53QApGs16IiB8XC7CkOAEVDtLfOhXkJ9jOZNScOFUn6JXPx2oAwBBRRdbwOmryScQ==
  dependencies:
    "@remix-run/node" "1.19.3"

"@remix-run/node@1.19.3", "@remix-run/node@^1.18.1":
  version "1.19.3"
  resolved "https://registry.yarnpkg.com/@remix-run/node/-/node-1.19.3.tgz#d27e2f742fc45379525cb3fca466a883ca06d6c9"
  integrity sha512-z5qrVL65xLXIUpU4mkR4MKlMeKARLepgHAk4W5YY3IBXOreRqOGUC70POViYmY7x38c2Ia1NwqL80H+0h7jbMw==
  dependencies:
    "@remix-run/server-runtime" "1.19.3"
    "@remix-run/web-fetch" "^4.3.6"
    "@remix-run/web-file" "^3.0.3"
    "@remix-run/web-stream" "^1.0.4"
    "@web3-storage/multipart-parser" "^1.0.0"
    abort-controller "^3.0.0"
    cookie-signature "^1.1.0"
    source-map-support "^0.5.21"
    stream-slice "^0.1.2"

"@remix-run/react@^1.18.1":
  version "1.19.3"
  resolved "https://registry.yarnpkg.com/@remix-run/react/-/react-1.19.3.tgz#00efcc583bf05b434566e56381d51df86575d8b0"
  integrity sha512-iP37MZ+oG1n4kv4rX77pKT/knra51lNwKo5tinPPF0SuNJhF3+XjWo5nwEjvisKTXLZ/OHeicinhgX2JHHdDvA==
  dependencies:
    "@remix-run/router" "1.7.2"
    react-router-dom "6.14.2"

"@remix-run/router@1.7.2":
  version "1.7.2"
  resolved "https://registry.yarnpkg.com/@remix-run/router/-/router-1.7.2.tgz#cba1cf0a04bc04cb66027c51fa600e9cbc388bc8"
  integrity sha512-7Lcn7IqGMV+vizMPoEl5F0XDshcdDYtMI6uJLQdQz5CfZAwy3vvGKYSUk789qndt5dEC4HfSjviSYlSoHGL2+A==

"@remix-run/serve@^1.18.1":
  version "1.19.3"
  resolved "https://registry.yarnpkg.com/@remix-run/serve/-/serve-1.19.3.tgz#54aef1fc336906ec7279cfc168eebf64ddc5884a"
  integrity sha512-RUVEy7EBYvHO1hIuyVQJyIYZeFfXecC+Uaw6GvZscLywIGnhcAj+5dpeK6HVayNuV4kKLvBp0F4ZGHbwW1oWaA==
  dependencies:
    "@remix-run/express" "1.19.3"
    "@remix-run/node" "1.19.3"
    compression "^1.7.4"
    express "^4.17.1"
    morgan "^1.10.0"
    source-map-support "^0.5.21"

"@remix-run/server-runtime@1.19.3":
  version "1.19.3"
  resolved "https://registry.yarnpkg.com/@remix-run/server-runtime/-/server-runtime-1.19.3.tgz#206b55337c266c5bc254878f8ff3cd5677cc60fb"
  integrity sha512-KzQ+htUsKqpBgKE2tWo7kIIGy3MyHP58Io/itUPvV+weDjApwr9tQr9PZDPA3yAY6rAzLax7BU0NMSYCXWFY5A==
  dependencies:
    "@remix-run/router" "1.7.2"
    "@types/cookie" "^0.4.1"
    "@web3-storage/multipart-parser" "^1.0.0"
    cookie "^0.4.1"
    set-cookie-parser "^2.4.8"
    source-map "^0.7.3"

"@remix-run/web-blob@^3.0.5":
  version "3.0.5"
  resolved "https://registry.yarnpkg.com/@remix-run/web-blob/-/web-blob-3.0.5.tgz#ead1d7334aafc8a8adcaea67cac8afca887e0f72"
  integrity sha512-Mungj3erqCrq0+5zU/34NkeC2g+U7K6Uwa8uNiZgANvw0Wc64wKglk4MPQJZA0Y2tgPYXyrRn7uw4q75j6Hhww==
  dependencies:
    "@remix-run/web-stream" "^1.0.4"
    web-encoding "1.1.5"

"@remix-run/web-fetch@^4.3.6":
  version "4.3.7"
  resolved "https://registry.yarnpkg.com/@remix-run/web-fetch/-/web-fetch-4.3.7.tgz#b391cd73bb5ecd8f4603e7151054712d9d5f0328"
  integrity sha512-Ha6TuLiVHBbLuSNRgEQTz01pgG+bZVNogkKZt1cVi0asOuKISl0X2UgPLv+dWBqfcFvTi8CQvYUNuk5c89TcZw==
  dependencies:
    "@remix-run/web-blob" "^3.0.5"
    "@remix-run/web-form-data" "^3.0.5"
    "@remix-run/web-stream" "^1.0.4"
    "@web3-storage/multipart-parser" "^1.0.0"
    abort-controller "^3.0.0"
    data-uri-to-buffer "^3.0.1"
    mrmime "^1.0.0"

"@remix-run/web-file@^3.0.3":
  version "3.0.3"
  resolved "https://registry.yarnpkg.com/@remix-run/web-file/-/web-file-3.0.3.tgz#bf8d26d5a10a8dfda8a94438df93f4ccdc786680"
  integrity sha512-yPf6MSXNcaQ4H1vkT/TSgImnqqfvfVKZzjd0vz3wvR0MM1NmrYfLbSbwfFLXdESFnQpXItbyKsgYGeAUEawgBg==
  dependencies:
    "@remix-run/web-blob" "^3.0.5"

"@remix-run/web-form-data@^3.0.5":
  version "3.0.5"
  resolved "https://registry.yarnpkg.com/@remix-run/web-form-data/-/web-form-data-3.0.5.tgz#72985933e53cd23ab3e48fd58de73fbbf9cd1731"
  integrity sha512-txXJDzjDuTxF8MFvEp9AA2HF3oPcvmlE1I/6HIxeGpX3vpBtrCPw5KQ/nzgBZNuAxyxEm8ps6Ds/UZwoDyfGsQ==
  dependencies:
    web-encoding "1.1.5"

"@remix-run/web-stream@^1.0.4":
  version "1.0.4"
  resolved "https://registry.yarnpkg.com/@remix-run/web-stream/-/web-stream-1.0.4.tgz#de6194c22c0520603cde129a184e70429b4de57b"
  integrity sha512-SVO42pH21I1sAhksGEM8ZBV/jc1mz6knZSg6Qo/2HPy9JTvtUykm3QMHtF2OMCTUXxdRW+4E/rphkPRyGc8WKw==
  dependencies:
    web-streams-polyfill "^3.1.1"

"@types/cookie@^0.4.1":
  version "0.4.1"
  resolved "https://registry.yarnpkg.com/@types/cookie/-/cookie-0.4.1.tgz#bfd02c1f2224567676c1545199f87c3a861d878d"
  integrity sha512-XW/Aa8APYr6jSVVA1y/DEIZX0/GMKLEVekNG727R8cs56ahETkRAy/3DR7+fJyh7oUgGwNQaRfXCun0+KbWY7Q==

"@web3-storage/multipart-parser@^1.0.0":
  version "1.0.0"
  resolved "https://registry.yarnpkg.com/@web3-storage/multipart-parser/-/multipart-parser-1.0.0.tgz#6b69dc2a32a5b207ba43e556c25cc136a56659c4"
  integrity sha512-BEO6al7BYqcnfX15W2cnGR+Q566ACXAT9UQykORCWW80lmkpWsnEob6zJS1ZVBKsSJC8+7vJkHwlp+lXG1UCdw==

"@zxing/text-encoding@0.9.0":
  version "0.9.0"
  resolved "https://registry.yarnpkg.com/@zxing/text-encoding/-/text-encoding-0.9.0.tgz#fb50ffabc6c7c66a0c96b4c03e3d9be74864b70b"
  integrity sha512-U/4aVJ2mxI0aDNI8Uq0wEhMgY+u4CNtEb0om3+y3+niDAsoTCOB33UF0sxpzqzdqXLqmvc+vZyAt4O8pPdfkwA==

abort-controller@^3.0.0:
  version "3.0.0"
  resolved "https://registry.yarnpkg.com/abort-controller/-/abort-controller-3.0.0.tgz#eaf54d53b62bae4138e809ca225c8439a6efb392"
  integrity sha512-h8lQ8tacZYnR3vNQTgibj+tODHI5/+l06Au2Pcriv/Gmet0eaj4TwWH41sO9wnHDiQsEj19q0drzdWdeAHtweg==
  dependencies:
    event-target-shim "^5.0.0"

accept-language-parser@^1.5.0:
  version "1.5.0"
  resolved "https://registry.yarnpkg.com/accept-language-parser/-/accept-language-parser-1.5.0.tgz#8877c54040a8dcb59e0a07d9c1fde42298334791"
  integrity sha512-QhyTbMLYo0BBGg1aWbeMG4ekWtds/31BrEU+DONOg/7ax23vxpL03Pb7/zBmha2v7vdD3AyzZVWBVGEZxKOXWw==

accepts@~1.3.5, accepts@~1.3.8:
  version "1.3.8"
  resolved "https://registry.yarnpkg.com/accepts/-/accepts-1.3.8.tgz#0bf0be125b67014adcb0b0921e62db7bffe16b2e"
  integrity sha512-PYAthTa2m2VKxuvSD3DPC/Gy+U+sOA1LAuT8mkmRuvw+NACSaeXEQ+NHcVF7rONl6qcaxV3Uuemwawk+7+SJLw==
  dependencies:
    mime-types "~2.1.34"
    negotiator "0.6.3"

ansi-colors@^4.1.3:
  version "4.1.3"
  resolved "https://registry.yarnpkg.com/ansi-colors/-/ansi-colors-4.1.3.tgz#37611340eb2243e70cc604cad35d63270d48781b"
  integrity sha512-/6w/C21Pm1A7aZitlI5Ni/2J6FFQN8i1Cvz3kHABAAbw93v/NlvKdVOqz7CCWz/3iv/JplRSEEZ83XION15ovw==

array-flatten@1.1.1:
  version "1.1.1"
  resolved "https://registry.yarnpkg.com/array-flatten/-/array-flatten-1.1.1.tgz#9a5f699051b1e7073328f2a008968b64ea2955d2"
  integrity sha512-PCVAQswWemu6UdxsDFFX/+gVeYqKAod3D3UVm91jHwynguOwAvYPhx8nNlM++NqRcK6CxxpUafjmhIdKiHibqg==

available-typed-arrays@^1.0.5:
  version "1.0.5"
  resolved "https://registry.yarnpkg.com/available-typed-arrays/-/available-typed-arrays-1.0.5.tgz#92f95616501069d07d10edb2fc37d3e1c65123b7"
  integrity sha512-DMD0KiN46eipeziST1LPP/STfDU0sufISXmjSgvVsoU2tqxctQeASejWcfNtxYKqETM1UxQ8sp2OrSBWpHY6sw==

basic-auth@~2.0.1:
  version "2.0.1"
  resolved "https://registry.yarnpkg.com/basic-auth/-/basic-auth-2.0.1.tgz#b998279bf47ce38344b4f3cf916d4679bbf51e3a"
  integrity sha512-NF+epuEdnUYVlGuhaxbbq+dvJttwLnGY+YixlXlME5KpQ5W3CnXA5cVTneY3SPbPDRkcjMbifrwmFYcClgOZeg==
  dependencies:
    safe-buffer "5.1.2"

body-parser@1.20.1:
  version "1.20.1"
  resolved "https://registry.yarnpkg.com/body-parser/-/body-parser-1.20.1.tgz#b1812a8912c195cd371a3ee5e66faa2338a5c668"
  integrity sha512-jWi7abTbYwajOytWCQc37VulmWiRae5RyTpaCyDcS5/lMdtwSz5lOpDE67srw/HYe35f1z3fDQw+3txg7gNtWw==
  dependencies:
    bytes "3.1.2"
    content-type "~1.0.4"
    debug "2.6.9"
    depd "2.0.0"
    destroy "1.2.0"
    http-errors "2.0.0"
    iconv-lite "0.4.24"
    on-finished "2.4.1"
    qs "6.11.0"
    raw-body "2.5.1"
    type-is "~1.6.18"
    unpipe "1.0.0"

buffer-from@^1.0.0:
  version "1.1.2"
  resolved "https://registry.yarnpkg.com/buffer-from/-/buffer-from-1.1.2.tgz#2b146a6fd72e80b4f55d255f35ed59a3a9a41bd5"
  integrity sha512-E+XQCRwSbaaiChtv6k6Dwgc+bx+Bs6vuKJHHl5kox/BaKbhiXzqQOwK4cO22yElGp2OCmjwVhT3HmxgyPGnJfQ==

bytes@3.0.0:
  version "3.0.0"
  resolved "https://registry.yarnpkg.com/bytes/-/bytes-3.0.0.tgz#d32815404d689699f85a4ea4fa8755dd13a96048"
  integrity sha512-pMhOfFDPiv9t5jjIXkHosWmkSyQbvsgEVNkz0ERHbuLh2T/7j4Mqqpz523Fe8MVY89KC6Sh/QfS2sM+SjgFDcw==

bytes@3.1.2:
  version "3.1.2"
  resolved "https://registry.yarnpkg.com/bytes/-/bytes-3.1.2.tgz#8b0beeb98605adf1b128fa4386403c009e0221a5"
  integrity sha512-/Nf7TyzTx6S3yRJObOAV7956r8cr2+Oj8AC5dt8wSP3BQAoeX58NoHyCU8P8zGkNXStjTSi6fzO6F0pBdcYbEg==

call-bind@^1.0.0, call-bind@^1.0.2:
  version "1.0.2"
  resolved "https://registry.yarnpkg.com/call-bind/-/call-bind-1.0.2.tgz#b1d4e89e688119c3c9a903ad30abb2f6a919be3c"
  integrity sha512-7O+FbCihrB5WGbFYesctwmTKae6rOiIzmz1icreWJ+0aA7LJfuqhEso2T9ncpcFtzMQtzXf2QGGueWJGTYsqrA==
  dependencies:
    function-bind "^1.1.1"
    get-intrinsic "^1.0.2"

compressible@~2.0.16:
  version "2.0.18"
  resolved "https://registry.yarnpkg.com/compressible/-/compressible-2.0.18.tgz#af53cca6b070d4c3c0750fbd77286a6d7cc46fba"
  integrity sha512-AF3r7P5dWxL8MxyITRMlORQNaOA2IkAFaTr4k7BUumjPtRpGDTZpl0Pb1XCO6JeDCBdp126Cgs9sMxqSjgYyRg==
  dependencies:
    mime-db ">= 1.43.0 < 2"

compression@^1.7.4:
  version "1.7.4"
  resolved "https://registry.yarnpkg.com/compression/-/compression-1.7.4.tgz#95523eff170ca57c29a0ca41e6fe131f41e5bb8f"
  integrity sha512-jaSIDzP9pZVS4ZfQ+TzvtiWhdpFhE2RDHz8QJkpX9SIpLq88VueF5jJw6t+6CUQcAoA6t+x89MLrWAqpfDE8iQ==
  dependencies:
    accepts "~1.3.5"
    bytes "3.0.0"
    compressible "~2.0.16"
    debug "2.6.9"
    on-headers "~1.0.2"
    safe-buffer "5.1.2"
    vary "~1.1.2"

content-disposition@0.5.4:
  version "0.5.4"
  resolved "https://registry.yarnpkg.com/content-disposition/-/content-disposition-0.5.4.tgz#8b82b4efac82512a02bb0b1dcec9d2c5e8eb5bfe"
  integrity sha512-FveZTNuGw04cxlAiWbzi6zTAL/lhehaWbTtgluJh4/E95DqMwTmha3KZN1aAWA8cFIhHzMZUvLevkw5Rqk+tSQ==
  dependencies:
    safe-buffer "5.2.1"

content-type@~1.0.4:
  version "1.0.5"
  resolved "https://registry.yarnpkg.com/content-type/-/content-type-1.0.5.tgz#8b773162656d1d1086784c8f23a54ce6d73d7918"
  integrity sha512-nTjqfcBFEipKdXCv4YDQWCfmcLZKm81ldF0pAopTvyrFGVbcR6P/VAAd5G7N+0tTr8QqiU0tFadD6FK4NtJwOA==

cookie-signature@1.0.6:
  version "1.0.6"
  resolved "https://registry.yarnpkg.com/cookie-signature/-/cookie-signature-1.0.6.tgz#e303a882b342cc3ee8ca513a79999734dab3ae2c"
  integrity sha512-QADzlaHc8icV8I7vbaJXJwod9HWYp8uCqf1xa4OfNu1T7JVxQIrUgOWtHdNDtPiywmFbiS12VjotIXLrKM3orQ==

cookie-signature@^1.1.0:
  version "1.2.1"
  resolved "https://registry.yarnpkg.com/cookie-signature/-/cookie-signature-1.2.1.tgz#790dea2cce64638c7ae04d9fabed193bd7ccf3b4"
  integrity sha512-78KWk9T26NhzXtuL26cIJ8/qNHANyJ/ZYrmEXFzUmhZdjpBv+DlWlOANRTGBt48YcyslsLrj0bMLFTmXvLRCOw==

cookie@0.5.0:
  version "0.5.0"
  resolved "https://registry.yarnpkg.com/cookie/-/cookie-0.5.0.tgz#d1f5d71adec6558c58f389987c366aa47e994f8b"
  integrity sha512-YZ3GUyn/o8gfKJlnlX7g7xq4gyO6OSuhGPKaaGssGB2qgDUS0gPgtTvoyZLTt9Ab6dC4hfc9dV5arkvc/OCmrw==

cookie@^0.4.1:
  version "0.4.2"
  resolved "https://registry.yarnpkg.com/cookie/-/cookie-0.4.2.tgz#0e41f24de5ecf317947c82fc789e06a884824432"
  integrity sha512-aSWTXFzaKWkvHO1Ny/s+ePFpvKsPnjc551iI41v3ny/ow6tBG5Vd+FuqGNhh1LxOmVzOlGUriIlOaokOvhaStA==

cose-base@^2.2.0:
  version "2.2.0"
  resolved "https://registry.yarnpkg.com/cose-base/-/cose-base-2.2.0.tgz#1c395c35b6e10bb83f9769ca8b817d614add5c01"
  integrity sha512-AzlgcsCbUMymkADOJtQm3wO9S3ltPfYOFD5033keQn9NJzIbtnZj+UdBJe7DYml/8TdbtHJW3j58SOnKhWY/5g==
  dependencies:
    layout-base "^2.0.0"

cross-fetch@3.1.6:
  version "3.1.6"
  resolved "https://registry.yarnpkg.com/cross-fetch/-/cross-fetch-3.1.6.tgz#bae05aa31a4da760969756318feeee6e70f15d6c"
  integrity sha512-riRvo06crlE8HiqOwIpQhxwdOk4fOeR7FVM/wXoxchFEqMNUjvbs3bfo4OTgMEMHzppd4DxFBDbyySj8Cv781g==
  dependencies:
    node-fetch "^2.6.11"

cytoscape-fcose@^2.2.0:
  version "2.2.0"
  resolved "https://registry.yarnpkg.com/cytoscape-fcose/-/cytoscape-fcose-2.2.0.tgz#e4d6f6490df4fab58ae9cea9e5c3ab8d7472f471"
  integrity sha512-ki1/VuRIHFCzxWNrsshHYPs6L7TvLu3DL+TyIGEsRcvVERmxokbf5Gdk7mFxZnTdiGtnA4cfSmjZJMviqSuZrQ==
  dependencies:
    cose-base "^2.2.0"

cytoscape@^3.26.0:
  version "3.26.0"
  resolved "https://registry.yarnpkg.com/cytoscape/-/cytoscape-3.26.0.tgz#b4c6961445fd51e1fd3cca83c3ffe924d9a8abc9"
  integrity sha512-IV+crL+KBcrCnVVUCZW+zRRRFUZQcrtdOPXki+o4CFUWLdAEYvuZLcBSJC9EBK++suamERKzeY7roq2hdovV3w==
  dependencies:
    heap "^0.2.6"
    lodash "^4.17.21"

data-uri-to-buffer@^3.0.1:
  version "3.0.1"
  resolved "https://registry.yarnpkg.com/data-uri-to-buffer/-/data-uri-to-buffer-3.0.1.tgz#594b8973938c5bc2c33046535785341abc4f3636"
  integrity sha512-WboRycPNsVw3B3TL559F7kuBUM4d8CgMEvk6xEJlOp7OBPjt6G7z8WMWlD2rOFZLk6OYfFIUGsCOWzcQH9K2og==

debug@2.6.9:
  version "2.6.9"
  resolved "https://registry.yarnpkg.com/debug/-/debug-2.6.9.tgz#5d128515df134ff327e90a4c93f4e077a536341f"
  integrity sha512-bC7ElrdJaJnPbAP+1EotYvqZsb3ecl5wi6Bfi6BJTUcNowp6cvspg0jXznRTKDjm/E7AdgFBVeAPVMNcKGsHMA==
  dependencies:
    ms "2.0.0"

depd@2.0.0, depd@~2.0.0:
  version "2.0.0"
  resolved "https://registry.yarnpkg.com/depd/-/depd-2.0.0.tgz#b696163cc757560d09cf22cc8fad1571b79e76df"
  integrity sha512-g7nH6P6dyDioJogAAGprGpCtVImJhpPk/roCzdb3fIh61/s/nPsfR6onyMwkCAR/OlC3yBC0lESvUoQEAssIrw==

destroy@1.2.0:
  version "1.2.0"
  resolved "https://registry.yarnpkg.com/destroy/-/destroy-1.2.0.tgz#4803735509ad8be552934c67df614f94e66fa015"
  integrity sha512-2sJGJTaXIIaR1w4iJSNoN0hnMY7Gpc/n8D4qSCJw8QqFWXf7cuAgnEHxBpweaVcPevC2l3KpjYCx3NypQQgaJg==

ee-first@1.1.1:
  version "1.1.1"
  resolved "https://registry.yarnpkg.com/ee-first/-/ee-first-1.1.1.tgz#590c61156b0ae2f4f0255732a158b266bc56b21d"
  integrity sha512-WMwm9LhRUo+WUaRN+vRuETqG89IgZphVSNkdFgeb6sS/E4OrDIN7t48CAewSHXc6C8lefD8KKfr5vY61brQlow==

encodeurl@~1.0.2:
  version "1.0.2"
  resolved "https://registry.yarnpkg.com/encodeurl/-/encodeurl-1.0.2.tgz#ad3ff4c86ec2d029322f5a02c3a9a606c95b3f59"
  integrity sha512-TPJXq8JqFaVYm2CWmPvnP2Iyo4ZSM7/QKcSmuMLDObfpH5fi7RUGmd/rTDf+rut/saiDiQEeVTNgAmJEdAOx0w==

escape-html@~1.0.3:
  version "1.0.3"
  resolved "https://registry.yarnpkg.com/escape-html/-/escape-html-1.0.3.tgz#0258eae4d3d0c0974de1c169188ef0051d1d1988"
  integrity sha512-NiSupZ4OeuGwr68lGIeym/ksIZMJodUGOSCZ/FSnTxcrekbvqrgdUxlJOMpijaKZVjAJrWrGs/6Jy8OMuyj9ow==

etag@~1.8.1:
  version "1.8.1"
  resolved "https://registry.yarnpkg.com/etag/-/etag-1.8.1.tgz#41ae2eeb65efa62268aebfea83ac7d79299b0887"
  integrity sha512-aIL5Fx7mawVa300al2BnEE4iNvo1qETxLrPI/o05L7z6go7fCw1J6EQmbK4FmJ2AS7kgVF/KEZWufBfdClMcPg==

event-target-shim@^5.0.0:
  version "5.0.1"
  resolved "https://registry.yarnpkg.com/event-target-shim/-/event-target-shim-5.0.1.tgz#5d4d3ebdf9583d63a5333ce2deb7480ab2b05789"
  integrity sha512-i/2XbnSz/uxRCU6+NdVJgKWDTM427+MqYbkQzD321DuCQJUqOuJKIA0IM2+W2xtYHdKOmZ4dR6fExsd4SXL+WQ==

express@^4.17.1:
  version "4.18.2"
  resolved "https://registry.yarnpkg.com/express/-/express-4.18.2.tgz#3fabe08296e930c796c19e3c516979386ba9fd59"
  integrity sha512-5/PsL6iGPdfQ/lKM1UuielYgv3BUoJfz1aUwU9vHZ+J7gyvwdQXFEBIEIaxeGf0GIcreATNyBExtalisDbuMqQ==
  dependencies:
    accepts "~1.3.8"
    array-flatten "1.1.1"
    body-parser "1.20.1"
    content-disposition "0.5.4"
    content-type "~1.0.4"
    cookie "0.5.0"
    cookie-signature "1.0.6"
    debug "2.6.9"
    depd "2.0.0"
    encodeurl "~1.0.2"
    escape-html "~1.0.3"
    etag "~1.8.1"
    finalhandler "1.2.0"
    fresh "0.5.2"
    http-errors "2.0.0"
    merge-descriptors "1.0.1"
    methods "~1.1.2"
    on-finished "2.4.1"
    parseurl "~1.3.3"
    path-to-regexp "0.1.7"
    proxy-addr "~2.0.7"
    qs "6.11.0"
    range-parser "~1.2.1"
    safe-buffer "5.2.1"
    send "0.18.0"
    serve-static "1.15.0"
    setprototypeof "1.2.0"
    statuses "2.0.1"
    type-is "~1.6.18"
    utils-merge "1.0.1"
    vary "~1.1.2"

fast-deep-equal@^3.1.3:
  version "3.1.3"
  resolved "https://registry.yarnpkg.com/fast-deep-equal/-/fast-deep-equal-3.1.3.tgz#3a7d56b559d6cbc3eb512325244e619a65c6c525"
  integrity sha512-f3qQ9oQy9j2AhBe/H9VC91wLmKBCCU/gDOnKNAYG5hswO7BLKj09Hc5HYNz9cGI++xlpDCIgDaitVs03ATR84Q==

finalhandler@1.2.0:
  version "1.2.0"
  resolved "https://registry.yarnpkg.com/finalhandler/-/finalhandler-1.2.0.tgz#7d23fe5731b207b4640e4fcd00aec1f9207a7b32"
  integrity sha512-5uXcUVftlQMFnWC9qu/svkWv3GTd2PfUhK/3PLkYNAe7FbqJMt3515HaxE6eRL74GdsriiwujiawdaB1BpEISg==
  dependencies:
    debug "2.6.9"
    encodeurl "~1.0.2"
    escape-html "~1.0.3"
    on-finished "2.4.1"
    parseurl "~1.3.3"
    statuses "2.0.1"
    unpipe "~1.0.0"

for-each@^0.3.3:
  version "0.3.3"
  resolved "https://registry.yarnpkg.com/for-each/-/for-each-0.3.3.tgz#69b447e88a0a5d32c3e7084f3f1710034b21376e"
  integrity sha512-jqYfLp7mo9vIyQf8ykW2v7A+2N4QjeCeI5+Dz9XraiO1ign81wjiH7Fb9vSOWvQfNtmSa4H2RoQTrrXivdUZmw==
  dependencies:
    is-callable "^1.1.3"

forwarded@0.2.0:
  version "0.2.0"
  resolved "https://registry.yarnpkg.com/forwarded/-/forwarded-0.2.0.tgz#2269936428aad4c15c7ebe9779a84bf0b2a81811"
  integrity sha512-buRG0fpBtRHSTCOASe6hD258tEubFoRLb4ZNA6NxMVHNw2gOcwHo9wyablzMzOA5z9xA9L1KNjk/Nt6MT9aYow==

fresh@0.5.2:
  version "0.5.2"
  resolved "https://registry.yarnpkg.com/fresh/-/fresh-0.5.2.tgz#3d8cadd90d976569fa835ab1f8e4b23a105605a7"
  integrity sha512-zJ2mQYM18rEFOudeV4GShTGIQ7RbzA7ozbU9I/XBpm7kqgMywgmylMwXHxZJmkVoYkna9d2pVXVXPdYTP9ej8Q==

function-bind@^1.1.1:
  version "1.1.1"
  resolved "https://registry.yarnpkg.com/function-bind/-/function-bind-1.1.1.tgz#a56899d3ea3c9bab874bb9773b7c5ede92f4895d"
  integrity sha512-yIovAzMX49sF8Yl58fSCWJ5svSLuaibPxXQJFLmBObTuCr0Mf1KiPopGM9NiFjiYBCbfaa2Fh6breQ6ANVTI0A==

get-intrinsic@^1.0.2, get-intrinsic@^1.1.3:
  version "1.2.1"
  resolved "https://registry.yarnpkg.com/get-intrinsic/-/get-intrinsic-1.2.1.tgz#d295644fed4505fc9cde952c37ee12b477a83d82"
  integrity sha512-2DcsyfABl+gVHEfCOaTrWgyt+tb6MSEGmKq+kI5HwLbIYgjgmMcV8KQ41uaKz1xxUcn9tJtgFbQUEVcEbd0FYw==
  dependencies:
    function-bind "^1.1.1"
    has "^1.0.3"
    has-proto "^1.0.1"
    has-symbols "^1.0.3"

gopd@^1.0.1:
  version "1.0.1"
  resolved "https://registry.yarnpkg.com/gopd/-/gopd-1.0.1.tgz#29ff76de69dac7489b7c0918a5788e56477c332c"
  integrity sha512-d65bNlIadxvpb/A2abVdlqKqV563juRnZ1Wtk6s1sIR8uNsXR70xqIzVqxVf1eTqDunwT2MkczEeaezCKTZhwA==
  dependencies:
    get-intrinsic "^1.1.3"

has-proto@^1.0.1:
  version "1.0.1"
  resolved "https://registry.yarnpkg.com/has-proto/-/has-proto-1.0.1.tgz#1885c1305538958aff469fef37937c22795408e0"
  integrity sha512-7qE+iP+O+bgF9clE5+UoBFzE65mlBiVj3tKCrlNQ0Ogwm0BjpT/gK4SlLYDMybDh5I3TCTKnPPa0oMG7JDYrhg==

has-symbols@^1.0.2, has-symbols@^1.0.3:
  version "1.0.3"
  resolved "https://registry.yarnpkg.com/has-symbols/-/has-symbols-1.0.3.tgz#bb7b2c4349251dce87b125f7bdf874aa7c8b39f8"
  integrity sha512-l3LCuF6MgDNwTDKkdYGEihYjt5pRPbEg46rtlmnSPlUbgmB8LOIrKJbYYFBSbnPaJexMKtiPO8hmeRjRz2Td+A==

has-tostringtag@^1.0.0:
  version "1.0.0"
  resolved "https://registry.yarnpkg.com/has-tostringtag/-/has-tostringtag-1.0.0.tgz#7e133818a7d394734f941e73c3d3f9291e658b25"
  integrity sha512-kFjcSNhnlGV1kyoGk7OXKSawH5JOb/LzUc5w9B02hOTO0dfFRjbHQKvg1d6cf3HbeUmtU9VbbV3qzZ2Teh97WQ==
  dependencies:
    has-symbols "^1.0.2"

has@^1.0.3:
  version "1.0.3"
  resolved "https://registry.yarnpkg.com/has/-/has-1.0.3.tgz#722d7cbfc1f6aa8241f16dd814e011e1f41e8796"
  integrity sha512-f2dvO0VU6Oej7RkWJGrehjbzMAjFp5/VKPp5tTpWIV4JHHZK1/BxbFRtf/siA2SWTe09caDmVtYYzWEIbBS4zw==
  dependencies:
    function-bind "^1.1.1"

heap@^0.2.6:
  version "0.2.7"
  resolved "https://registry.yarnpkg.com/heap/-/heap-0.2.7.tgz#1e6adf711d3f27ce35a81fe3b7bd576c2260a8fc"
  integrity sha512-2bsegYkkHO+h/9MGbn6KWcE45cHZgPANo5LXF7EvWdT0yT2EguSVO1nDgU5c8+ZOPwp2vMNa7YFsJhVcDR9Sdg==

html-parse-stringify@^3.0.1:
  version "3.0.1"
  resolved "https://registry.yarnpkg.com/html-parse-stringify/-/html-parse-stringify-3.0.1.tgz#dfc1017347ce9f77c8141a507f233040c59c55d2"
  integrity sha512-KknJ50kTInJ7qIScF3jeaFRpMpE8/lfiTdzf/twXyPBLAGrLRTmkz3AdTnKeh40X8k9L2fdYwEp/42WGXIRGcg==
  dependencies:
    void-elements "3.1.0"

http-errors@2.0.0:
  version "2.0.0"
  resolved "https://registry.yarnpkg.com/http-errors/-/http-errors-2.0.0.tgz#b7774a1486ef73cf7667ac9ae0858c012c57b9d3"
  integrity sha512-FtwrG/euBzaEjYeRqOgly7G0qviiXoJWnvEH2Z1plBdXgbyjv34pHTSb9zoeHMyDy33+DWy5Wt9Wo+TURtOYSQ==
  dependencies:
    depd "2.0.0"
    inherits "2.0.4"
    setprototypeof "1.2.0"
    statuses "2.0.1"
    toidentifier "1.0.1"

i18next-browser-languagedetector@^7.1.0:
  version "7.1.0"
  resolved "https://registry.yarnpkg.com/i18next-browser-languagedetector/-/i18next-browser-languagedetector-7.1.0.tgz#01876fac51f86b78975e79b48ccb62e2313a2d7d"
  integrity sha512-cr2k7u1XJJ4HTOjM9GyOMtbOA47RtUoWRAtt52z43r3AoMs2StYKyjS3URPhzHaf+mn10hY9dZWamga5WPQjhA==
  dependencies:
    "@babel/runtime" "^7.19.4"

i18next-fs-backend@^2.1.5:
  version "2.1.5"
  resolved "https://registry.yarnpkg.com/i18next-fs-backend/-/i18next-fs-backend-2.1.5.tgz#03347eacde6a35b599da1889a048ae63bcf0c687"
  integrity sha512-7fgSH8nVhXSBYPHR/W3tEXXhcnwHwNiND4Dfx9knzPzdsWTUTL/TdDVV+DY0dL0asHKLbdoJaXS4LdVW6R8MVQ==

i18next-http-backend@^2.2.1:
  version "2.2.1"
  resolved "https://registry.yarnpkg.com/i18next-http-backend/-/i18next-http-backend-2.2.1.tgz#cdb7efbafa46ce8f237d9db443f62514664a3bdf"
  integrity sha512-ZXIdn/8NJIBJ0X4hzXfc3STYxKrCKh1fYjji9HPyIpEJfvTvy8/ZlTl8RuTizzCPj2ZcWrfaecyOMKs6bQ7u5A==
  dependencies:
    cross-fetch "3.1.6"

i18next@^23.4.6:
  version "23.4.6"
  resolved "https://registry.yarnpkg.com/i18next/-/i18next-23.4.6.tgz#10211e72d5bd29e274baae99c6cc0178b93a93f8"
  integrity sha512-jBE8bui969Ygv7TVYp0pwDZB7+he0qsU+nz7EcfdqSh+QvKjEfl9YPRQd/KrGiMhTYFGkeuPaeITenKK/bSFDg==
  dependencies:
    "@babel/runtime" "^7.22.5"

iconv-lite@0.4.24:
  version "0.4.24"
  resolved "https://registry.yarnpkg.com/iconv-lite/-/iconv-lite-0.4.24.tgz#2022b4b25fbddc21d2f524974a474aafe733908b"
  integrity sha512-v3MXnZAcvnywkTUEZomIActle7RXXeedOR31wwl7VlyoXO4Qi9arvSenNQWne1TcRwhCL1HwLI21bEqdpj8/rA==
  dependencies:
    safer-buffer ">= 2.1.2 < 3"

inherits@2.0.4, inherits@^2.0.3:
  version "2.0.4"
  resolved "https://registry.yarnpkg.com/inherits/-/inherits-2.0.4.tgz#0fa2c64f932917c3433a0ded55363aae37416b7c"
  integrity sha512-k/vGaX4/Yla3WzyMCvTQOXYeIHvqOKtnqBduzTHpzpQZzAskKMhZ2K+EnBiSM9zGSoIFeMpXKxa4dYeZIQqewQ==

intl-parse-accept-language@^1.0.0:
  version "1.0.0"
  resolved "https://registry.yarnpkg.com/intl-parse-accept-language/-/intl-parse-accept-language-1.0.0.tgz#204d1bc0b13c5baea7775f5eeb95bef2b795675c"
  integrity sha512-YFMSV91JNBOSjw1cOfw2tup6hDP7mkz+2AUV7W1L1AM6ntgI75qC1ZeFpjPGMrWp+upmBRTX2fJWQ8c7jsUWpA==

ipaddr.js@1.9.1:
  version "1.9.1"
  resolved "https://registry.yarnpkg.com/ipaddr.js/-/ipaddr.js-1.9.1.tgz#bff38543eeb8984825079ff3a2a8e6cbd46781b3"
  integrity sha512-0KI/607xoxSToH7GjN1FfSbLoU0+btTicjsQSWQlh/hZykN8KpmMf7uYwPW3R+akZ6R/w18ZlXSHBYXiYUPO3g==

is-arguments@^1.0.4:
  version "1.1.1"
  resolved "https://registry.yarnpkg.com/is-arguments/-/is-arguments-1.1.1.tgz#15b3f88fda01f2a97fec84ca761a560f123efa9b"
  integrity sha512-8Q7EARjzEnKpt/PCD7e1cgUS0a6X8u5tdSiMqXhojOdoV9TsMsiO+9VLC5vAmO8N7/GmXn7yjR8qnA6bVAEzfA==
  dependencies:
    call-bind "^1.0.2"
    has-tostringtag "^1.0.0"

is-callable@^1.1.3:
  version "1.2.7"
  resolved "https://registry.yarnpkg.com/is-callable/-/is-callable-1.2.7.tgz#3bc2a85ea742d9e36205dcacdd72ca1fdc51b055"
  integrity sha512-1BC0BVFhS/p0qtw6enp8e+8OD0UrK0oFLztSjNzhcKA3WDuJxxAPXzPuPtKkjEY9UUoEWlX/8fgKeu2S8i9JTA==

is-generator-function@^1.0.7:
  version "1.0.10"
  resolved "https://registry.yarnpkg.com/is-generator-function/-/is-generator-function-1.0.10.tgz#f1558baf1ac17e0deea7c0415c438351ff2b3c72"
  integrity sha512-jsEjy9l3yiXEQ+PsXdmBwEPcOxaXWLspKdplFUVI9vq1iZgIekeC0L167qeu86czQaxed3q/Uzuw0swL0irL8A==
  dependencies:
    has-tostringtag "^1.0.0"

is-typed-array@^1.1.3:
  version "1.1.12"
  resolved "https://registry.yarnpkg.com/is-typed-array/-/is-typed-array-1.1.12.tgz#d0bab5686ef4a76f7a73097b95470ab199c57d4a"
  integrity sha512-Z14TF2JNG8Lss5/HMqt0//T9JeHXttXy5pH/DBU4vi98ozO2btxzq9MwYDZYnKwU8nRsz/+GVFVRDq3DkVuSPg==
  dependencies:
    which-typed-array "^1.1.11"

isbot@^3.6.8:
  version "3.6.13"
  resolved "https://registry.yarnpkg.com/isbot/-/isbot-3.6.13.tgz#e060f727cb53475a4dab1569321ced0f84633d63"
  integrity sha512-uoP4uK5Dc2CrabmK+Gue1jTL+scHiCc1c9rblRpJwG8CPxjLIv8jmGyyGRGkbPOweayhkskdZsEQXG6p+QCQrg==

"js-tokens@^3.0.0 || ^4.0.0":
  version "4.0.0"
  resolved "https://registry.yarnpkg.com/js-tokens/-/js-tokens-4.0.0.tgz#19203fb59991df98e3a287050d4647cdeaf32499"
  integrity sha512-RdJUflcE3cUzKiMqQgsCu06FPu9UdIJO0beYbPhHN4k6apgJtifcoCtT9bcxOpYBtpD2kCM6Sbzg4CausW/PKQ==

layout-base@^2.0.0:
  version "2.0.1"
  resolved "https://registry.yarnpkg.com/layout-base/-/layout-base-2.0.1.tgz#d0337913586c90f9c2c075292069f5c2da5dd285"
  integrity sha512-dp3s92+uNI1hWIpPGH3jK2kxE2lMjdXdr+DH8ynZHpd6PUlH6x6cbuXnoMmiNumznqaNO31xu9e79F0uuZ0JFg==

lodash@^4.17.21:
  version "4.17.21"
  resolved "https://registry.yarnpkg.com/lodash/-/lodash-4.17.21.tgz#679591c564c3bffaae8454cf0b3df370c3d6911c"
  integrity sha512-v2kDEe57lecTulaDIuNTPy3Ry4gLGJ6Z1O3vE1krgXZNrsQ+LFTGHVxVjcXPs17LhbZVGedAJv8XZ1tvj5FvSg==

loose-envify@^1.1.0:
  version "1.4.0"
  resolved "https://registry.yarnpkg.com/loose-envify/-/loose-envify-1.4.0.tgz#71ee51fa7be4caec1a63839f7e682d8132d30caf"
  integrity sha512-lyuxPGr/Wfhrlem2CL/UcnUc1zcqKAImBDzukY7Y5F/yQiNdko6+fRLevlw1HgMySw7f611UIY408EtxRSoK3Q==
  dependencies:
    js-tokens "^3.0.0 || ^4.0.0"

lru-cache@^7.14.1:
  version "7.18.3"
  resolved "https://registry.yarnpkg.com/lru-cache/-/lru-cache-7.18.3.tgz#f793896e0fd0e954a59dfdd82f0773808df6aa89"
  integrity sha512-jumlc0BIUrS3qJGgIkWZsyfAM7NCWiBcCDhnd+3NNM5KbBmLTgHVfWBcg6W+rLUsIpzpERPsvwUP7CckAQSOoA==

media-typer@0.3.0:
  version "0.3.0"
  resolved "https://registry.yarnpkg.com/media-typer/-/media-typer-0.3.0.tgz#8710d7af0aa626f8fffa1ce00168545263255748"
  integrity sha512-dq+qelQ9akHpcOl/gUVRTxVIOkAJ1wR3QAvb4RsVjS8oVoFjDGTc679wJYmUmknUF5HwMLOgb5O+a3KxfWapPQ==

merge-descriptors@1.0.1:
  version "1.0.1"
  resolved "https://registry.yarnpkg.com/merge-descriptors/-/merge-descriptors-1.0.1.tgz#b00aaa556dd8b44568150ec9d1b953f3f90cbb61"
  integrity sha512-cCi6g3/Zr1iqQi6ySbseM1Xvooa98N0w31jzUYrXPX2xqObmFGHJ0tQ5u74H3mVh7wLouTseZyYIq39g8cNp1w==

methods@~1.1.2:
  version "1.1.2"
  resolved "https://registry.yarnpkg.com/methods/-/methods-1.1.2.tgz#5529a4d67654134edcc5266656835b0f851afcee"
  integrity sha512-iclAHeNqNm68zFtnZ0e+1L2yUIdvzNoauKU4WBA3VvH/vPFieF7qfRlwUZU+DA9P9bPXIS90ulxoUoCH23sV2w==

mime-db@1.52.0, "mime-db@>= 1.43.0 < 2":
  version "1.52.0"
  resolved "https://registry.yarnpkg.com/mime-db/-/mime-db-1.52.0.tgz#bbabcdc02859f4987301c856e3387ce5ec43bf70"
  integrity sha512-sPU4uV7dYlvtWJxwwxHD0PuihVNiE7TyAbQ5SWxDCB9mUYvOgroQOwYQQOKPJ8CIbE+1ETVlOoK1UC2nU3gYvg==

mime-types@~2.1.24, mime-types@~2.1.34:
  version "2.1.35"
  resolved "https://registry.yarnpkg.com/mime-types/-/mime-types-2.1.35.tgz#381a871b62a734450660ae3deee44813f70d959a"
  integrity sha512-ZDY+bPm5zTTF+YpCrAU9nK0UgICYPT0QtT1NZWFv4s++TNkcgVaT0g6+4R2uI4MjQjzysHB1zxuWL50hzaeXiw==
  dependencies:
    mime-db "1.52.0"

mime@1.6.0:
  version "1.6.0"
  resolved "https://registry.yarnpkg.com/mime/-/mime-1.6.0.tgz#32cd9e5c64553bd58d19a568af452acff04981b1"
  integrity sha512-x0Vn8spI+wuJ1O6S7gnbaQg8Pxh4NNHb7KSINmEWKiPE4RKOplvijn+NkmYmmRgP68mc70j2EbeTFRsrswaQeg==

morgan@^1.10.0:
  version "1.10.0"
  resolved "https://registry.yarnpkg.com/morgan/-/morgan-1.10.0.tgz#091778abc1fc47cd3509824653dae1faab6b17d7"
  integrity sha512-AbegBVI4sh6El+1gNwvD5YIck7nSA36weD7xvIxG4in80j/UoK8AEGaWnnz8v1GxonMCltmlNs5ZKbGvl9b1XQ==
  dependencies:
    basic-auth "~2.0.1"
    debug "2.6.9"
    depd "~2.0.0"
    on-finished "~2.3.0"
    on-headers "~1.0.2"

mrmime@^1.0.0:
  version "1.0.1"
  resolved "https://registry.yarnpkg.com/mrmime/-/mrmime-1.0.1.tgz#5f90c825fad4bdd41dc914eff5d1a8cfdaf24f27"
  integrity sha512-hzzEagAgDyoU1Q6yg5uI+AorQgdvMCur3FcKf7NhMKWsaYg+RnbTyHRa/9IlLF9rf455MOCtcqqrQQ83pPP7Uw==

ms@2.0.0:
  version "2.0.0"
  resolved "https://registry.yarnpkg.com/ms/-/ms-2.0.0.tgz#5608aeadfc00be6c2901df5f9861788de0d597c8"
  integrity sha512-Tpp60P6IUJDTuOq/5Z8cdskzJujfwqfOTkrwIwj7IRISpnkJnT6SyJ4PCPnGMoFjC9ddhal5KVIYtAt97ix05A==

ms@2.1.3:
  version "2.1.3"
  resolved "https://registry.yarnpkg.com/ms/-/ms-2.1.3.tgz#574c8138ce1d2b5861f0b44579dbadd60c6615b2"
  integrity sha512-6FlzubTLZG3J2a/NVCAleEhjzq5oxgHyaCU9yYXvcLsvoVaHJq/s5xXI6/XXP6tz7R9xAOtHnSO/tXtF3WRTlA==

negotiator@0.6.3:
  version "0.6.3"
  resolved "https://registry.yarnpkg.com/negotiator/-/negotiator-0.6.3.tgz#58e323a72fedc0d6f9cd4d31fe49f51479590ccd"
  integrity sha512-+EUsqGPLsM+j/zdChZjsnX51g4XrHFOIXwfnCVPGlQk/k5giakcKsuxCObBRu6DSm9opw/O6slWbJdghQM4bBg==

node-fetch@^2.6.11:
  version "2.7.0"
  resolved "https://registry.yarnpkg.com/node-fetch/-/node-fetch-2.7.0.tgz#d0f0fa6e3e2dc1d27efcd8ad99d550bda94d187d"
  integrity sha512-c4FRfUm/dbcWZ7U+1Wq0AwCyFL+3nt2bEw05wfxSz+DWpWsitgmSgYmy2dQdWyKC1694ELPqMs/YzUSNozLt8A==
  dependencies:
    whatwg-url "^5.0.0"

object-inspect@^1.9.0:
  version "1.12.3"
  resolved "https://registry.yarnpkg.com/object-inspect/-/object-inspect-1.12.3.tgz#ba62dffd67ee256c8c086dfae69e016cd1f198b9"
  integrity sha512-geUvdk7c+eizMNUDkRpW1wJwgfOiOeHbxBR/hLXK1aT6zmVSO0jsQcs7fj6MGw89jC/cjGfLcNOrtMYtGqm81g==

on-finished@2.4.1:
  version "2.4.1"
  resolved "https://registry.yarnpkg.com/on-finished/-/on-finished-2.4.1.tgz#58c8c44116e54845ad57f14ab10b03533184ac3f"
  integrity sha512-oVlzkg3ENAhCk2zdv7IJwd/QUD4z2RxRwpkcGY8psCVcCYZNq4wYnVWALHM+brtuJjePWiYF/ClmuDr8Ch5+kg==
  dependencies:
    ee-first "1.1.1"

on-finished@~2.3.0:
  version "2.3.0"
  resolved "https://registry.yarnpkg.com/on-finished/-/on-finished-2.3.0.tgz#20f1336481b083cd75337992a16971aa2d906947"
  integrity sha512-ikqdkGAAyf/X/gPhXGvfgAytDZtDbr+bkNUJ0N9h5MI/dmdgCs3l6hoHrcUv41sRKew3jIwrp4qQDXiK99Utww==
  dependencies:
    ee-first "1.1.1"

on-headers@~1.0.2:
  version "1.0.2"
  resolved "https://registry.yarnpkg.com/on-headers/-/on-headers-1.0.2.tgz#772b0ae6aaa525c399e489adfad90c403eb3c28f"
  integrity sha512-pZAE+FJLoyITytdqK0U5s+FIpjN0JP3OzFi/u8Rx+EV5/W+JTWGXG8xFzevE7AjBfDqHv/8vL8qQsIhHnqRkrA==

parseurl@~1.3.3:
  version "1.3.3"
  resolved "https://registry.yarnpkg.com/parseurl/-/parseurl-1.3.3.tgz#9da19e7bee8d12dff0513ed5b76957793bc2e8d4"
  integrity sha512-CiyeOxFT/JZyN5m0z9PfXw4SCBJ6Sygz1Dpl0wqjlhDEGGBP1GnsUVEL0p63hoG1fcj3fHynXi9NYO4nWOL+qQ==

path-to-regexp@0.1.7:
  version "0.1.7"
  resolved "https://registry.yarnpkg.com/path-to-regexp/-/path-to-regexp-0.1.7.tgz#df604178005f522f15eb4490e7247a1bfaa67f8c"
  integrity sha512-5DFkuoqlv1uYQKxy8omFBeJPQcdoE07Kv2sferDCrAq1ohOU+MSDswDIbnx3YAM60qIOnYa53wBhXW0EbMonrQ==

proxy-addr@~2.0.7:
  version "2.0.7"
  resolved "https://registry.yarnpkg.com/proxy-addr/-/proxy-addr-2.0.7.tgz#f19fe69ceab311eeb94b42e70e8c2070f9ba1025"
  integrity sha512-llQsMLSUDUPT44jdrU/O37qlnifitDP+ZwrmmZcoSKyLKvtZxpyV0n2/bD/N4tBAAZ/gJEdZU7KMraoK1+XYAg==
  dependencies:
    forwarded "0.2.0"
    ipaddr.js "1.9.1"

qs@6.11.0:
  version "6.11.0"
  resolved "https://registry.yarnpkg.com/qs/-/qs-6.11.0.tgz#fd0d963446f7a65e1367e01abd85429453f0c37a"
  integrity sha512-MvjoMCJwEarSbUYk5O+nmoSzSutSsTwF85zcHPQ9OrlFoZOYIjaqBAJIqIXjptyD5vThxGq52Xu/MaJzRkIk4Q==
  dependencies:
    side-channel "^1.0.4"

range-parser@~1.2.1:
  version "1.2.1"
  resolved "https://registry.yarnpkg.com/range-parser/-/range-parser-1.2.1.tgz#3cf37023d199e1c24d1a55b84800c2f3e6468031"
  integrity sha512-Hrgsx+orqoygnmhFbKaHE6c296J+HTAQXoxEF6gNupROmmGJRoyzfG3ccAveqCBrwr/2yxQ5BVd/GTl5agOwSg==

raw-body@2.5.1:
  version "2.5.1"
  resolved "https://registry.yarnpkg.com/raw-body/-/raw-body-2.5.1.tgz#fe1b1628b181b700215e5fd42389f98b71392857"
  integrity sha512-qqJBtEyVgS0ZmPGdCFPWJ3FreoqvG4MVQln/kCgF7Olq95IbOp0/BWyMwbdtn4VTvkM8Y7khCQ2Xgk/tcrCXig==
  dependencies:
    bytes "3.1.2"
    http-errors "2.0.0"
    iconv-lite "0.4.24"
    unpipe "1.0.0"

react-dom@^18.2.0:
  version "18.2.0"
  resolved "https://registry.yarnpkg.com/react-dom/-/react-dom-18.2.0.tgz#22aaf38708db2674ed9ada224ca4aa708d821e3d"
  integrity sha512-6IMTriUmvsjHUjNtEDudZfuDQUoWXVxKHhlEGSk81n4YFS+r/Kl99wXiwlVXtPBtJenozv2P+hxDsw9eA7Xo6g==
  dependencies:
    loose-envify "^1.1.0"
    scheduler "^0.23.0"

react-i18next@^13.2.1:
  version "13.2.1"
  resolved "https://registry.yarnpkg.com/react-i18next/-/react-i18next-13.2.1.tgz#57cf7c07778281bdb1e0a1fd60ca5fcc35c0a786"
  integrity sha512-XhMsnGgJnytWfi2Q70HMYfm+zysPUu1Pz+It6I87WwaeclGY+W8W1c11uENEMNg+Xb+mNrGuo8GEDuQDOgO+oQ==
  dependencies:
    "@babel/runtime" "^7.22.5"
    html-parse-stringify "^3.0.1"

react-icons@^4.10.1:
  version "4.10.1"
  resolved "https://registry.yarnpkg.com/react-icons/-/react-icons-4.10.1.tgz#3f3b5eec1f63c1796f6a26174a1091ca6437a500"
  integrity sha512-/ngzDP/77tlCfqthiiGNZeYFACw85fUjZtLbedmJ5DTlNDIwETxhwBzdOJ21zj4iJdvc0J3y7yOsX3PpxAJzrw==

react-router-dom@6.14.2:
  version "6.14.2"
  resolved "https://registry.yarnpkg.com/react-router-dom/-/react-router-dom-6.14.2.tgz#88f520118b91aa60233bd08dbd3fdcaea3a68488"
  integrity sha512-5pWX0jdKR48XFZBuJqHosX3AAHjRAzygouMTyimnBPOLdY3WjzUSKhus2FVMihUFWzeLebDgr4r8UeQFAct7Bg==
  dependencies:
    "@remix-run/router" "1.7.2"
    react-router "6.14.2"

react-router@6.14.2:
  version "6.14.2"
  resolved "https://registry.yarnpkg.com/react-router/-/react-router-6.14.2.tgz#1f60994d8c369de7b8ba7a78d8f7ec23df76b300"
  integrity sha512-09Zss2dE2z+T1D03IheqAFtK4UzQyX8nFPWx6jkwdYzGLXd5ie06A6ezS2fO6zJfEb/SpG6UocN2O1hfD+2urQ==
  dependencies:
    "@remix-run/router" "1.7.2"

react@^18.2.0:
  version "18.2.0"
  resolved "https://registry.yarnpkg.com/react/-/react-18.2.0.tgz#555bd98592883255fa00de14f1151a917b5d77d5"
  integrity sha512-/3IjMdb2L9QbBdWiW5e3P2/npwMBaU9mHCSCUzNln0ZCYbcfTsGbTJrU/kGemdH2IWmB2ioZ+zkxtmq6g09fGQ==
  dependencies:
    loose-envify "^1.1.0"

regenerator-runtime@^0.14.0:
  version "0.14.0"
  resolved "https://registry.yarnpkg.com/regenerator-runtime/-/regenerator-runtime-0.14.0.tgz#5e19d68eb12d486f797e15a3c6a918f7cec5eb45"
  integrity sha512-srw17NI0TUWHuGa5CFGGmhfNIeja30WMBfbslPNhf6JrqQlLN5gcrvig1oqPxiVaXb0oW0XRKtH6Nngs5lKCIA==

remix-i18next@^5.3.0:
  version "5.3.0"
  resolved "https://registry.yarnpkg.com/remix-i18next/-/remix-i18next-5.3.0.tgz#b3249cdfc371e83cf048541815e905f09bc901b0"
  integrity sha512-7KdgFnLTHk8mACdeqmGYGpubYJ61FOmfcPR2DcBQjrYCff2ktNRJhYn9QO2Q/OHcuyH0sbsGEKtY+6XbNrxdRw==
  dependencies:
    accept-language-parser "^1.5.0"
    intl-parse-accept-language "^1.0.0"
    lru-cache "^7.14.1"
    use-consistent-value "^1.0.0"

safe-buffer@5.1.2:
  version "5.1.2"
  resolved "https://registry.yarnpkg.com/safe-buffer/-/safe-buffer-5.1.2.tgz#991ec69d296e0313747d59bdfd2b745c35f8828d"
  integrity sha512-Gd2UZBJDkXlY7GbJxfsE8/nvKkUEU1G38c1siN6QP6a9PT9MmHB8GnpscSmMJSoF8LOIrt8ud/wPtojys4G6+g==

safe-buffer@5.2.1:
  version "5.2.1"
  resolved "https://registry.yarnpkg.com/safe-buffer/-/safe-buffer-5.2.1.tgz#1eaf9fa9bdb1fdd4ec75f58f9cdb4e6b7827eec6"
  integrity sha512-rp3So07KcdmmKbGvgaNxQSJr7bGVSVk5S9Eq1F+ppbRo70+YeaDxkw5Dd8NPN+GD6bjnYm2VuPuCXmpuYvmCXQ==

"safer-buffer@>= 2.1.2 < 3":
  version "2.1.2"
  resolved "https://registry.yarnpkg.com/safer-buffer/-/safer-buffer-2.1.2.tgz#44fa161b0187b9549dd84bb91802f9bd8385cd6a"
  integrity sha512-YZo3K82SD7Riyi0E1EQPojLz7kpepnSQI9IyPbHHg1XXXevb5dJI7tpyN2ADxGcQbHG7vcyRHk0cbwqcQriUtg==

scheduler@^0.23.0:
  version "0.23.0"
  resolved "https://registry.yarnpkg.com/scheduler/-/scheduler-0.23.0.tgz#ba8041afc3d30eb206a487b6b384002e4e61fdfe"
  integrity sha512-CtuThmgHNg7zIZWAXi3AsyIzA3n4xx7aNyjwC2VJldO2LMVDhFK+63xGqq6CsJH4rTAt6/M+N4GhZiDYPx9eUw==
  dependencies:
    loose-envify "^1.1.0"

send@0.18.0:
  version "0.18.0"
  resolved "https://registry.yarnpkg.com/send/-/send-0.18.0.tgz#670167cc654b05f5aa4a767f9113bb371bc706be"
  integrity sha512-qqWzuOjSFOuqPjFe4NOsMLafToQQwBSOEpS+FwEt3A2V3vKubTquT3vmLTQpFgMXp8AlFWFuP1qKaJZOtPpVXg==
  dependencies:
    debug "2.6.9"
    depd "2.0.0"
    destroy "1.2.0"
    encodeurl "~1.0.2"
    escape-html "~1.0.3"
    etag "~1.8.1"
    fresh "0.5.2"
    http-errors "2.0.0"
    mime "1.6.0"
    ms "2.1.3"
    on-finished "2.4.1"
    range-parser "~1.2.1"
    statuses "2.0.1"

serve-static@1.15.0:
  version "1.15.0"
  resolved "https://registry.yarnpkg.com/serve-static/-/serve-static-1.15.0.tgz#faaef08cffe0a1a62f60cad0c4e513cff0ac9540"
  integrity sha512-XGuRDNjXUijsUL0vl6nSD7cwURuzEgglbOaFuZM9g3kwDXOWVTck0jLzjPzGD+TazWbboZYu52/9/XPdUgne9g==
  dependencies:
    encodeurl "~1.0.2"
    escape-html "~1.0.3"
    parseurl "~1.3.3"
    send "0.18.0"

set-cookie-parser@^2.4.8:
  version "2.6.0"
  resolved "https://registry.yarnpkg.com/set-cookie-parser/-/set-cookie-parser-2.6.0.tgz#131921e50f62ff1a66a461d7d62d7b21d5d15a51"
  integrity sha512-RVnVQxTXuerk653XfuliOxBP81Sf0+qfQE73LIYKcyMYHG94AuH0kgrQpRDuTZnSmjpysHmzxJXKNfa6PjFhyQ==

setprototypeof@1.2.0:
  version "1.2.0"
  resolved "https://registry.yarnpkg.com/setprototypeof/-/setprototypeof-1.2.0.tgz#66c9a24a73f9fc28cbe66b09fed3d33dcaf1b424"
  integrity sha512-E5LDX7Wrp85Kil5bhZv46j8jOeboKq5JMmYM3gVGdGH8xFpPWXUMsNrlODCrkoxMEeNi/XZIwuRvY4XNwYMJpw==

side-channel@^1.0.4:
  version "1.0.4"
  resolved "https://registry.yarnpkg.com/side-channel/-/side-channel-1.0.4.tgz#efce5c8fdc104ee751b25c58d4290011fa5ea2cf"
  integrity sha512-q5XPytqFEIKHkGdiMIrY10mvLRvnQh42/+GoBlFW3b2LXLE2xxJpZFdm94we0BaoV3RwJyGqg5wS7epxTv0Zvw==
  dependencies:
    call-bind "^1.0.0"
    get-intrinsic "^1.0.2"
    object-inspect "^1.9.0"

source-map-support@^0.5.21:
  version "0.5.21"
  resolved "https://registry.yarnpkg.com/source-map-support/-/source-map-support-0.5.21.tgz#04fe7c7f9e1ed2d662233c28cb2b35b9f63f6e4f"
  integrity sha512-uBHU3L3czsIyYXKX88fdrGovxdSCoTGDRZ6SYXtSRxLZUzHg5P/66Ht6uoUlHu9EZod+inXhKo3qQgwXUT/y1w==
  dependencies:
    buffer-from "^1.0.0"
    source-map "^0.6.0"

source-map@^0.6.0:
  version "0.6.1"
  resolved "https://registry.yarnpkg.com/source-map/-/source-map-0.6.1.tgz#74722af32e9614e9c287a8d0bbde48b5e2f1a263"
  integrity sha512-UjgapumWlbMhkBgzT7Ykc5YXUT46F0iKu8SGXq0bcwP5dz/h0Plj6enJqjz1Zbq2l5WaqYnrVbwWOWMyF3F47g==

source-map@^0.7.3:
  version "0.7.4"
  resolved "https://registry.yarnpkg.com/source-map/-/source-map-0.7.4.tgz#a9bbe705c9d8846f4e08ff6765acf0f1b0898656"
  integrity sha512-l3BikUxvPOcn5E74dZiq5BGsTb5yEwhaTSzccU6t4sDOH8NWJCstKO5QT2CvtFoK6F0saL7p9xHAqHOlCPJygA==

statuses@2.0.1:
  version "2.0.1"
  resolved "https://registry.yarnpkg.com/statuses/-/statuses-2.0.1.tgz#55cb000ccf1d48728bd23c685a063998cf1a1b63"
  integrity sha512-RwNA9Z/7PrK06rYLIzFMlaF+l73iwpzsqRIFgbMLbTcLD6cOao82TaWefPXQvB2fOC4AjuYSEndS7N/mTCbkdQ==

stream-slice@^0.1.2:
  version "0.1.2"
  resolved "https://registry.yarnpkg.com/stream-slice/-/stream-slice-0.1.2.tgz#2dc4f4e1b936fb13f3eb39a2def1932798d07a4b"
  integrity sha512-QzQxpoacatkreL6jsxnVb7X5R/pGw9OUv2qWTYWnmLpg4NdN31snPy/f3TdQE1ZUXaThRvj1Zw4/OGg0ZkaLMA==

toidentifier@1.0.1:
  version "1.0.1"
  resolved "https://registry.yarnpkg.com/toidentifier/-/toidentifier-1.0.1.tgz#3be34321a88a820ed1bd80dfaa33e479fbb8dd35"
  integrity sha512-o5sSPKEkg/DIQNmH43V0/uerLrpzVedkUh8tGNvaeXpfpuwjKenlSox/2O/BTlZUtEe+JG7s5YhEz608PlAHRA==

tr46@~0.0.3:
  version "0.0.3"
  resolved "https://registry.yarnpkg.com/tr46/-/tr46-0.0.3.tgz#8184fd347dac9cdc185992f3a6622e14b9d9ab6a"
  integrity sha512-N3WMsuqV66lT30CrXNbEjx4GEwlow3v6rr4mCcv6prnfwhS01rkgyFdjPNBYd9br7LpXV1+Emh01fHnq2Gdgrw==

type-is@~1.6.18:
  version "1.6.18"
  resolved "https://registry.yarnpkg.com/type-is/-/type-is-1.6.18.tgz#4e552cd05df09467dcbc4ef739de89f2cf37c131"
  integrity sha512-TkRKr9sUTxEH8MdfuCSP7VizJyzRNMjj2J2do2Jr3Kym598JVdEksuzPQCnlFPW4ky9Q+iA+ma9BGm06XQBy8g==
  dependencies:
    media-typer "0.3.0"
    mime-types "~2.1.24"

unpipe@1.0.0, unpipe@~1.0.0:
  version "1.0.0"
  resolved "https://registry.yarnpkg.com/unpipe/-/unpipe-1.0.0.tgz#b2bf4ee8514aae6165b4817829d21b2ef49904ec"
  integrity sha512-pjy2bYhSsufwWlKwPc+l3cN7+wuJlK6uz0YdJEOlQDbl6jo/YlPi4mb8agUkVC8BF7V8NuzeyPNqRksA3hztKQ==

use-consistent-value@^1.0.0:
  version "1.0.0"
  resolved "https://registry.yarnpkg.com/use-consistent-value/-/use-consistent-value-1.0.0.tgz#6b9143de2f94524cbc41f0e315822a08ed7a8d45"
  integrity sha512-enIOysu0IwqjafsUXvhZPajB6UYjxwu8w38xWaHLfVs1onIyg2c0DwPgcknxqO0TpYpAHXdFDXOp7Cs9HbTIkw==
  dependencies:
    fast-deep-equal "^3.1.3"

util@^0.12.3:
  version "0.12.5"
  resolved "https://registry.yarnpkg.com/util/-/util-0.12.5.tgz#5f17a6059b73db61a875668781a1c2b136bd6fbc"
  integrity sha512-kZf/K6hEIrWHI6XqOFUiiMa+79wE/D8Q+NCNAWclkyg3b4d2k7s0QGepNjiABc+aR3N1PAyHL7p6UcLY6LmrnA==
  dependencies:
    inherits "^2.0.3"
    is-arguments "^1.0.4"
    is-generator-function "^1.0.7"
    is-typed-array "^1.1.3"
    which-typed-array "^1.1.2"

utils-merge@1.0.1:
  version "1.0.1"
  resolved "https://registry.yarnpkg.com/utils-merge/-/utils-merge-1.0.1.tgz#9f95710f50a267947b2ccc124741c1028427e713"
  integrity sha512-pMZTvIkT1d+TFGvDOqodOclx0QWkkgi6Tdoa8gC8ffGAAqz9pzPTZWAybbsHHoED/ztMtkv/VoYTYyShUn81hA==

vary@~1.1.2:
  version "1.1.2"
  resolved "https://registry.yarnpkg.com/vary/-/vary-1.1.2.tgz#2299f02c6ded30d4a5961b0b9f74524a18f634fc"
  integrity sha512-BNGbWLfd0eUPabhkXUVm0j8uuvREyTh5ovRa/dyow/BqAbZJyC+5fU+IzQOzmAKzYqYRAISoRhdQr3eIZ/PXqg==

void-elements@3.1.0:
  version "3.1.0"
  resolved "https://registry.yarnpkg.com/void-elements/-/void-elements-3.1.0.tgz#614f7fbf8d801f0bb5f0661f5b2f5785750e4f09"
  integrity sha512-Dhxzh5HZuiHQhbvTW9AMetFfBHDMYpo23Uo9btPXgdYP+3T5S+p+jgNy7spra+veYhBP2dCSgxR/i2Y02h5/6w==

web-encoding@1.1.5:
  version "1.1.5"
  resolved "https://registry.yarnpkg.com/web-encoding/-/web-encoding-1.1.5.tgz#fc810cf7667364a6335c939913f5051d3e0c4864"
  integrity sha512-HYLeVCdJ0+lBYV2FvNZmv3HJ2Nt0QYXqZojk3d9FJOLkwnuhzM9tmamh8d7HPM8QqjKH8DeHkFTx+CFlWpZZDA==
  dependencies:
    util "^0.12.3"
  optionalDependencies:
    "@zxing/text-encoding" "0.9.0"

web-streams-polyfill@^3.1.1:
  version "3.2.1"
  resolved "https://registry.yarnpkg.com/web-streams-polyfill/-/web-streams-polyfill-3.2.1.tgz#71c2718c52b45fd49dbeee88634b3a60ceab42a6"
  integrity sha512-e0MO3wdXWKrLbL0DgGnUV7WHVuw9OUvL4hjgnPkIeEvESk74gAITi5G606JtZPp39cd8HA9VQzCIvA49LpPN5Q==

webidl-conversions@^3.0.0:
  version "3.0.1"
  resolved "https://registry.yarnpkg.com/webidl-conversions/-/webidl-conversions-3.0.1.tgz#24534275e2a7bc6be7bc86611cc16ae0a5654871"
  integrity sha512-2JAn3z8AR6rjK8Sm8orRC0h/bcl/DqL7tRPdGZ4I1CjdF+EaMLmYxBHyXuKL849eucPFhvBoxMsflfOb8kxaeQ==

whatwg-url@^5.0.0:
  version "5.0.0"
  resolved "https://registry.yarnpkg.com/whatwg-url/-/whatwg-url-5.0.0.tgz#966454e8765462e37644d3626f6742ce8b70965d"
  integrity sha512-saE57nupxk6v3HY35+jzBwYa0rKSy0XR8JSxZPwgLr7ys0IBzhGviA1/TUGJLmSVqs8pb9AnvICXEuOHLprYTw==
  dependencies:
    tr46 "~0.0.3"
    webidl-conversions "^3.0.0"

which-typed-array@^1.1.11, which-typed-array@^1.1.2:
  version "1.1.11"
  resolved "https://registry.yarnpkg.com/which-typed-array/-/which-typed-array-1.1.11.tgz#99d691f23c72aab6768680805a271b69761ed61a"
  integrity sha512-qe9UWWpkeG5yzZ0tNYxDmd7vo58HDBc39mZ0xWWpolAGADdFOzkfamWLDxkOWcvHQKVmdTyQdLD4NOfjLWTKew==
  dependencies:
    available-typed-arrays "^1.0.5"
    call-bind "^1.0.2"
    for-each "^0.3.3"
    gopd "^1.0.1"
    has-tostringtag "^1.0.0"
